
Microsoft Visual Studio Solution File, Format Version 12.00
# Visual Studio Version 17
VisualStudioVersion = 17.3.32929.385
MinimumVisualStudioVersion = 10.0.40219.1
Project("{FAE04EC0-301F-11D3-BF4B-00C04F79EFBC}") = "SistemaApi", "SistemaApi\SistemaApi.csproj", "{DA032E60-3157-4320-BE2A-E3A9D124F1A8}"
EndProject
Global
	GlobalSection(SolutionConfigurationPlatforms) = preSolution
		Debug|Any CPU = Debug|Any CPU
		Release|Any CPU = Release|Any CPU
	EndGlobalSection
	GlobalSection(ProjectConfigurationPlatforms) = postSolution
		{DA032E60-3157-4320-BE2A-E3A9D124F1A8}.Debug|Any CPU.ActiveCfg = Debug|Any CPU
		{DA032E60-3157-4320-BE2A-E3A9D124F1A8}.Debug|Any CPU.Build.0 = Debug|Any CPU
		{DA032E60-3157-4320-BE2A-E3A9D124F1A8}.Release|Any CPU.ActiveCfg = Release|Any CPU
		{DA032E60-3157-4320-BE2A-E3A9D124F1A8}.Release|Any CPU.Build.0 = Release|Any CPU
	EndGlobalSection
	GlobalSection(SolutionProperties) = preSolution
		HideSolutionNode = FALSE
	EndGlobalSection
	GlobalSection(ExtensibilityGlobals) = postSolution
		SolutionGuid = {E54108B0-E06C-49CC-AF4A-FAE2A5BC8B2E}
	EndGlobalSection
EndGlobal
